dependencies:
  espressif/cmake_utilities:
    dependencies: []
    source:
      path: /home/fatta/esp-idf/sadb0y-amy-esp32-s3/components/espressif__cmake_utilities
      type: local
    version: 1.1.1
  espressif/tinyusb:
    dependencies: []
    source:
      path: /home/fatta/esp-idf/sadb0y-amy-esp32-s3/components/espressif__tinyusb
      type: local
    version: 0.17.0~2
  espressif/usb_device_uac:
    dependencies: []
    source:
      path: /home/fatta/esp-idf/sadb0y-amy-esp32-s3/components/espressif__usb_device_uac
      type: local
    version: 1.2.2
  idf:
    source:
      type: idf
    version: 6.0.0
direct_dependencies:
- espressif/cmake_utilities
- espressif/tinyusb
- espressif/usb_device_uac
- idf
manifest_hash: 29d791f2c03285b80e3347ea23567cd2c6ee34fb022fbcb4a523548bdcf0099e
target: esp32s3
version: 2.0.0
